
Microsoft Visual Studio Solution File, Format Version 12.00
# Visual Studio Version 17
VisualStudioVersion = 17.13.35828.75 d17.13
MinimumVisualStudioVersion = 10.0.40219.1
Project("{FAE04EC0-301F-11D3-BF4B-00C04F79EFBC}") = "WeddingDialogueFix", "WeddingDialogueFix.csproj", "{0B1021B8-A3CA-4163-B629-2ADFD2AF6CF3}"
EndProject
Global
	GlobalSection(SolutionConfigurationPlatforms) = preSolution
		Debug|Any CPU = Debug|Any CPU
		Release|Any CPU = Release|Any CPU
	EndGlobalSection
	GlobalSection(ProjectConfigurationPlatforms) = postSolution
		{0B1021B8-A3CA-4163-B629-2ADFD2AF6CF3}.Debug|Any CPU.ActiveCfg = Debug|Any CPU
		{0B1021B8-A3CA-4163-B629-2ADFD2AF6CF3}.Debug|Any CPU.Build.0 = Debug|Any CPU
		{0B1021B8-A3CA-4163-B629-2ADFD2AF6CF3}.Release|Any CPU.ActiveCfg = Release|Any CPU
		{0B1021B8-A3CA-4163-B629-2ADFD2AF6CF3}.Release|Any CPU.Build.0 = Release|Any CPU
	EndGlobalSection
	GlobalSection(SolutionProperties) = preSolution
		HideSolutionNode = FALSE
	EndGlobalSection
	GlobalSection(ExtensibilityGlobals) = postSolution
		SolutionGuid = {047F521A-A3E0-4925-AB4A-F765577C4770}
	EndGlobalSection
EndGlobal
